// !$*UTF8*$!
{
	archiveVersion = 1;
	classes = {
	};
	objectVersion = 46;
	objects = {

/* Begin PBXBuildFile section */
		55554DD31973C4AA0019A0E5 /* Foundation.framework in Frameworks */ = {isa = PBXBuildFile; fileRef = 55554DD21973C4AA0019A0E5 /* Foundation.framework */; };
		55554DD51973C4AA0019A0E5 /* CoreGraphics.framework in Frameworks */ = {isa = PBXBuildFile; fileRef = 55554DD41973C4AA0019A0E5 /* CoreGraphics.framework */; };
		55554DD71973C4AA0019A0E5 /* UIKit.framework in Frameworks */ = {isa = PBXBuildFile; fileRef = 55554DD61973C4AA0019A0E5 /* UIKit.framework */; };
		55554DDD1973C4AA0019A0E5 /* InfoPlist.strings in Resources */ = {isa = PBXBuildFile; fileRef = 55554DDB1973C4AA0019A0E5 /* InfoPlist.strings */; };
		55554DDF1973C4AA0019A0E5 /* main.m in Sources */ = {isa = PBXBuildFile; fileRef = 55554DDE1973C4AA0019A0E5 /* main.m */; };
		55554DE31973C4AA0019A0E5 /* CJAppDelegate.m in Sources */ = {isa = PBXBuildFile; fileRef = 55554DE21973C4AA0019A0E5 /* CJAppDelegate.m */; };
		55554DE61973C4AA0019A0E5 /* Main.storyboard in Resources */ = {isa = PBXBuildFile; fileRef = 55554DE41973C4AA0019A0E5 /* Main.storyboard */; };
		55554DE91973C4AA0019A0E5 /* CJViewController.m in Sources */ = {isa = PBXBuildFile; fileRef = 55554DE81973C4AA0019A0E5 /* CJViewController.m */; };
		55554DEB1973C4AA0019A0E5 /* Images.xcassets in Resources */ = {isa = PBXBuildFile; fileRef = 55554DEA1973C4AA0019A0E5 /* Images.xcassets */; };
		55554DF21973C4AA0019A0E5 /* XCTest.framework in Frameworks */ = {isa = PBXBuildFile; fileRef = 55554DF11973C4AA0019A0E5 /* XCTest.framework */; };
		55554DF31973C4AA0019A0E5 /* Foundation.framework in Frameworks */ = {isa = PBXBuildFile; fileRef = 55554DD21973C4AA0019A0E5 /* Foundation.framework */; };
		55554DF41973C4AA0019A0E5 /* UIKit.framework in Frameworks */ = {isa = PBXBuildFile; fileRef = 55554DD61973C4AA0019A0E5 /* UIKit.framework */; };
		55554DFC1973C4AA0019A0E5 /* InfoPlist.strings in Resources */ = {isa = PBXBuildFile; fileRef = 55554DFA1973C4AA0019A0E5 /* InfoPlist.strings */; };
		55554DFE1973C4AA0019A0E5 /* Pirate_AssignmentTests.m in Sources */ = {isa = PBXBuildFile; fileRef = 55554DFD1973C4AA0019A0E5 /* Pirate_AssignmentTests.m */; };
/* End PBXBuildFile section */

/* Begin PBXContainerItemProxy section */
		55554DF51973C4AA0019A0E5 /* PBXContainerItemProxy */ = {
			isa = PBXContainerItemProxy;
			containerPortal = 55554DC71973C4AA0019A0E5 /* Project object */;
			proxyType = 1;
			remoteGlobalIDString = 55554DCE1973C4AA0019A0E5;
			remoteInfo = "Pirate Assignment";
		};
/* End PBXContainerItemProxy section */

/* Begin PBXFileReference section */
		55554DCF1973C4AA0019A0E5 /* Pirate Assignment.app */ = {isa = PBXFileReference; explicitFileType = wrapper.application; includeInIndex = 0; path = "Pirate Assignment.app"; sourceTree = BUILT_PRODUCTS_DIR; };
		55554DD21973C4AA0019A0E5 /* Foundation.framework */ = {isa = PBXFileReference; lastKnownFileType = wrapper.framework; name = Foundation.framework; path = System/Library/Frameworks/Foundation.framework; sourceTree = SDKROOT; };
		55554DD41973C4AA0019A0E5 /* CoreGraphics.framework */ = {isa = PBXFileReference; lastKnownFileType = wrapper.framework; name = CoreGraphics.framework; path = System/Library/Frameworks/CoreGraphics.framework; sourceTree = SDKROOT; };
		55554DD61973C4AA0019A0E5 /* UIKit.framework */ = {isa = PBXFileReference; lastKnownFileType = wrapper.framework; name = UIKit.framework; path = System/Library/Frameworks/UIKit.framework; sourceTree = SDKROOT; };
		55554DDA1973C4AA0019A0E5 /* Pirate Assignment-Info.plist */ = {isa = PBXFileReference; lastKnownFileType = text.plist.xml; path = "Pirate Assignment-Info.plist"; sourceTree = "<group>"; };
		55554DDC1973C4AA0019A0E5 /* en */ = {isa = PBXFileReference; lastKnownFileType = text.plist.strings; name = en; path = en.lproj/InfoPlist.strings; sourceTree = "<group>"; };
		55554DDE1973C4AA0019A0E5 /* main.m */ = {isa = PBXFileReference; lastKnownFileType = sourcecode.c.objc; path = main.m; sourceTree = "<group>"; };
		55554DE01973C4AA0019A0E5 /* Pirate Assignment-Prefix.pch */ = {isa = PBXFileReference; lastKnownFileType = sourcecode.c.h; path = "Pirate Assignment-Prefix.pch"; sourceTree = "<group>"; };
		55554DE11973C4AA0019A0E5 /* CJAppDelegate.h */ = {isa = PBXFileReference; lastKnownFileType = sourcecode.c.h; path = CJAppDelegate.h; sourceTree = "<group>"; };
		55554DE21973C4AA0019A0E5 /* CJAppDelegate.m */ = {isa = PBXFileReference; lastKnownFileType = sourcecode.c.objc; path = CJAppDelegate.m; sourceTree = "<group>"; };
		55554DE51973C4AA0019A0E5 /* Base */ = {isa = PBXFileReference; lastKnownFileType = file.storyboard; name = Base; path = Base.lproj/Main.storyboard; sourceTree = "<group>"; };
		55554DE71973C4AA0019A0E5 /* CJViewController.h */ = {isa = PBXFileReference; lastKnownFileType = sourcecode.c.h; path = CJViewController.h; sourceTree = "<group>"; };
		55554DE81973C4AA0019A0E5 /* CJViewController.m */ = {isa = PBXFileReference; lastKnownFileType = sourcecode.c.objc; path = CJViewController.m; sourceTree = "<group>"; };
		55554DEA1973C4AA0019A0E5 /* Images.xcassets */ = {isa = PBXFileReference; lastKnownFileType = folder.assetcatalog; path = Images.xcassets; sourceTree = "<group>"; };
		55554DF01973C4AA0019A0E5 /* Pirate AssignmentTests.xctest */ = {isa = PBXFileReference; explicitFileType = wrapper.cfbundle; includeInIndex = 0; path = "Pirate AssignmentTests.xctest"; sourceTree = BUILT_PRODUCTS_DIR; };
		55554DF11973C4AA0019A0E5 /* XCTest.framework */ = {isa = PBXFileReference; lastKnownFileType = wrapper.framework; name = XCTest.framework; path = Library/Frameworks/XCTest.framework; sourceTree = DEVELOPER_DIR; };
		55554DF91973C4AA0019A0E5 /* Pirate AssignmentTests-Info.plist */ = {isa = PBXFileReference; lastKnownFileType = text.plist.xml; path = "Pirate AssignmentTests-Info.plist"; sourceTree = "<group>"; };
		55554DFB1973C4AA0019A0E5 /* en */ = {isa = PBXFileReference; lastKnownFileType = text.plist.strings; name = en; path = en.lproj/InfoPlist.strings; sourceTree = "<group>"; };
		55554DFD1973C4AA0019A0E5 /* Pirate_AssignmentTests.m */ = {isa = PBXFileReference; lastKnownFileType = sourcecode.c.objc; path = Pirate_AssignmentTests.m; sourceTree = "<group>"; };
/* End PBXFileReference section */

/* Begin PBXFrameworksBuildPhase section */
		55554DCC1973C4AA0019A0E5 /* Frameworks */ = {
			isa = PBXFrameworksBuildPhase;
			buildActionMask = 2147483647;
			files = (
				55554DD51973C4AA0019A0E5 /* CoreGraphics.framework in Frameworks */,
				55554DD71973C4AA0019A0E5 /* UIKit.framework in Frameworks */,
				55554DD31973C4AA0019A0E5 /* Foundation.framework in Frameworks */,
			);
			runOnlyForDeploymentPostprocessing = 0;
		};
		55554DED1973C4AA0019A0E5 /* Frameworks */ = {
			isa = PBXFrameworksBuildPhase;
			buildActionMask = 2147483647;
			files = (
				55554DF21973C4AA0019A0E5 /* XCTest.framework in Frameworks */,
				55554DF41973C4AA0019A0E5 /* UIKit.framework in Frameworks */,
				55554DF31973C4AA0019A0E5 /* Foundation.framework in Frameworks */,
			);
			runOnlyForDeploymentPostprocessing = 0;
		};
/* End PBXFrameworksBuildPhase section */

/* Begin PBXGroup section */
		55554DC61973C4AA0019A0E5 = {
			isa = PBXGroup;
			children = (
				55554DD81973C4AA0019A0E5 /* Pirate Assignment */,
				55554DF71973C4AA0019A0E5 /* Pirate AssignmentTests */,
				55554DD11973C4AA0019A0E5 /* Frameworks */,
				55554DD01973C4AA0019A0E5 /* Products */,
			);
			sourceTree = "<group>";
		};
		55554DD01973C4AA0019A0E5 /* Products */ = {
			isa = PBXGroup;
			children = (
				55554DCF1973C4AA0019A0E5 /* Pirate Assignment.app */,
				55554DF01973C4AA0019A0E5 /* Pirate AssignmentTests.xctest */,
			);
			name = Products;
			sourceTree = "<group>";
		};
		55554DD11973C4AA0019A0E5 /* Frameworks */ = {
			isa = PBXGroup;
			children = (
				55554DD21973C4AA0019A0E5 /* Foundation.framework */,
				55554DD41973C4AA0019A0E5 /* CoreGraphics.framework */,
				55554DD61973C4AA0019A0E5 /* UIKit.framework */,
				55554DF11973C4AA0019A0E5 /* XCTest.framework */,
			);
			name = Frameworks;
			sourceTree = "<group>";
		};
		55554DD81973C4AA0019A0E5 /* Pirate Assignment */ = {
			isa = PBXGroup;
			children = (
				55554DE11973C4AA0019A0E5 /* CJAppDelegate.h */,
				55554DE21973C4AA0019A0E5 /* CJAppDelegate.m */,
				55554DE41973C4AA0019A0E5 /* Main.storyboard */,
				55554DE71973C4AA0019A0E5 /* CJViewController.h */,
				55554DE81973C4AA0019A0E5 /* CJViewController.m */,
				55554DEA1973C4AA0019A0E5 /* Images.xcassets */,
				55554DD91973C4AA0019A0E5 /* Supporting Files */,
			);
			path = "Pirate Assignment";
			sourceTree = "<group>";
		};
		55554DD91973C4AA0019A0E5 /* Supporting Files */ = {
			isa = PBXGroup;
			children = (
				55554DDA1973C4AA0019A0E5 /* Pirate Assignment-Info.plist */,
				55554DDB1973C4AA0019A0E5 /* InfoPlist.strings */,
				55554DDE1973C4AA0019A0E5 /* main.m */,
				55554DE01973C4AA0019A0E5 /* Pirate Assignment-Prefix.pch */,
			);
			name = "Supporting Files";
			sourceTree = "<group>";
		};
		55554DF71973C4AA0019A0E5 /* Pirate AssignmentTests */ = {
			isa = PBXGroup;
			children = (
				55554DFD1973C4AA0019A0E5 /* Pirate_AssignmentTests.m */,
				55554DF81973C4AA0019A0E5 /* Supporting Files */,
			);
			path = "Pirate AssignmentTests";
			sourceTree = "<group>";
		};
		55554DF81973C4AA0019A0E5 /* Supporting Files */ = {
			isa = PBXGroup;
			children = (
				55554DF91973C4AA0019A0E5 /* Pirate AssignmentTests-Info.plist */,
				55554DFA1973C4AA0019A0E5 /* InfoPlist.strings */,
			);
			name = "Supporting Files";
			sourceTree = "<group>";
		};
/* End PBXGroup section */

/* Begin PBXNativeTarget section */
		55554DCE1973C4AA0019A0E5 /* Pirate Assignment */ = {
			isa = PBXNativeTarget;
			buildConfigurationList = 55554E011973C4AA0019A0E5 /* Build configuration list for PBXNativeTarget "Pirate Assignment" */;
			buildPhases = (
				55554DCB1973C4AA0019A0E5 /* Sources */,
				55554DCC1973C4AA0019A0E5 /* Frameworks */,
				55554DCD1973C4AA0019A0E5 /* Resources */,
			);
			buildRules = (
			);
			dependencies = (
			);
			name = "Pirate Assignment";
			productName = "Pirate Assignment";
			productReference = 55554DCF1973C4AA0019A0E5 /* Pirate Assignment.app */;
			productType = "com.apple.product-type.application";
		};
		55554DEF1973C4AA0019A0E5 /* Pirate AssignmentTests */ = {
			isa = PBXNativeTarget;
			buildConfigurationList = 55554E041973C4AA0019A0E5 /* Build configuration list for PBXNativeTarget "Pirate AssignmentTests" */;
			buildPhases = (
				55554DEC1973C4AA0019A0E5 /* Sources */,
				55554DED1973C4AA0019A0E5 /* Frameworks */,
				55554DEE1973C4AA0019A0E5 /* Resources */,
			);
			buildRules = (
			);
			dependencies = (
				55554DF61973C4AA0019A0E5 /* PBXTargetDependency */,
			);
			name = "Pirate AssignmentTests";
			productName = "Pirate AssignmentTests";
			productReference = 55554DF01973C4AA0019A0E5 /* Pirate AssignmentTests.xctest */;
			productType = "com.apple.product-type.bundle.unit-test";
		};
/* End PBXNativeTarget section */

/* Begin PBXProject section */
		55554DC71973C4AA0019A0E5 /* Project object */ = {
			isa = PBXProject;
			attributes = {
				CLASSPREFIX = CJ;
				LastUpgradeCheck = 0510;
				ORGANIZATIONNAME = "Surilabs SAS";
				TargetAttributes = {
					55554DEF1973C4AA0019A0E5 = {
						TestTargetID = 55554DCE1973C4AA0019A0E5;
					};
				};
			};
			buildConfigurationList = 55554DCA1973C4AA0019A0E5 /* Build configuration list for PBXProject "Pirate Assignment" */;
			compatibilityVersion = "Xcode 3.2";
			developmentRegion = English;
			hasScannedForEncodings = 0;
			knownRegions = (
				en,
				Base,
			);
			mainGroup = 55554DC61973C4AA0019A0E5;
			productRefGroup = 55554DD01973C4AA0019A0E5 /* Products */;
			projectDirPath = "";
			projectRoot = "";
			targets = (
				55554DCE1973C4AA0019A0E5 /* Pirate Assignment */,
				55554DEF1973C4AA0019A0E5 /* Pirate AssignmentTests */,
			);
		};
/* End PBXProject section */

/* Begin PBXResourcesBuildPhase section */
		55554DCD1973C4AA0019A0E5 /* Resources */ = {
			isa = PBXResourcesBuildPhase;
			buildActionMask = 2147483647;
			files = (
				55554DEB1973C4AA0019A0E5 /* Images.xcassets in Resources */,
				55554DDD1973C4AA0019A0E5 /* InfoPlist.strings in Resources */,
				55554DE61973C4AA0019A0E5 /* Main.storyboard in Resources */,
			);
			runOnlyForDeploymentPostprocessing = 0;
		};
		55554DEE1973C4AA0019A0E5 /* Resources */ = {
			isa = PBXResourcesBuildPhase;
			buildActionMask = 2147483647;
			files = (
				55554DFC1973C4AA0019A0E5 /* InfoPlist.strings in Resources */,
			);
			runOnlyForDeploymentPostprocessing = 0;
		};
/* End PBXResourcesBuildPhase section */

/* Begin PBXSourcesBuildPhase section */
		55554DCB1973C4AA0019A0E5 /* Sources */ = {
			isa = PBXSourcesBuildPhase;
			buildActionMask = 2147483647;
			files = (
				55554DDF1973C4AA0019A0E5 /* main.m in Sources */,
				55554DE31973C4AA0019A0E5 /* CJAppDelegate.m in Sources */,
				55554DE91973C4AA0019A0E5 /* CJViewController.m in Sources */,
			);
			runOnlyForDeploymentPostprocessing = 0;
		};
		55554DEC1973C4AA0019A0E5 /* Sources */ = {
			isa = PBXSourcesBuildPhase;
			buildActionMask = 2147483647;
			files = (
				55554DFE1973C4AA0019A0E5 /* Pirate_AssignmentTests.m in Sources */,
			);
			runOnlyForDeploymentPostprocessing = 0;
		};
/* End PBXSourcesBuildPhase section */

/* Begin PBXTargetDependency section */
		55554DF61973C4AA0019A0E5 /* PBXTargetDependency */ = {
			isa = PBXTargetDependency;
			target = 55554DCE1973C4AA0019A0E5 /* Pirate Assignment */;
			targetProxy = 55554DF51973C4AA0019A0E5 /* PBXContainerItemProxy */;
		};
/* End PBXTargetDependency section */

/* Begin PBXVariantGroup section */
		55554DDB1973C4AA0019A0E5 /* InfoPlist.strings */ = {
			isa = PBXVariantGroup;
			children = (
				55554DDC1973C4AA0019A0E5 /* en */,
			);
			name = InfoPlist.strings;
			sourceTree = "<group>";
		};
		55554DE41973C4AA0019A0E5 /* Main.storyboard */ = {
			isa = PBXVariantGroup;
			children = (
				55554DE51973C4AA0019A0E5 /* Base */,
			);
			name = Main.storyboard;
			sourceTree = "<group>";
		};
		55554DFA1973C4AA0019A0E5 /* InfoPlist.strings */ = {
			isa = PBXVariantGroup;
			children = (
				55554DFB1973C4AA0019A0E5 /* en */,
			);
			name = InfoPlist.strings;
			sourceTree = "<group>";
		};
/* End PBXVariantGroup section */

/* Begin XCBuildConfiguration section */
		55554DFF1973C4AA0019A0E5 /* Debug */ = {
			isa = XCBuildConfiguration;
			buildSettings = {
				ALWAYS_SEARCH_USER_PATHS = NO;
				CLANG_CXX_LANGUAGE_STANDARD = "gnu++0x";
				CLANG_CXX_LIBRARY = "libc++";
				CLANG_ENABLE_MODULES = YES;
				CLANG_ENABLE_OBJC_ARC = YES;
				CLANG_WARN_BOOL_CONVERSION = YES;
				CLANG_WARN_CONSTANT_CONVERSION = YES;
				CLANG_WARN_DIRECT_OBJC_ISA_USAGE = YES_ERROR;
				CLANG_WARN_EMPTY_BODY = YES;
				CLANG_WARN_ENUM_CONVERSION = YES;
				CLANG_WARN_INT_CONVERSION = YES;
				CLANG_WARN_OBJC_ROOT_CLASS = YES_ERROR;
				CLANG_WARN__DUPLICATE_METHOD_MATCH = YES;
				"CODE_SIGN_IDENTITY[sdk=iphoneos*]" = "iPhone Developer";
				COPY_PHASE_STRIP = NO;
				GCC_C_LANGUAGE_STANDARD = gnu99;
				GCC_DYNAMIC_NO_PIC = NO;
				GCC_OPTIMIZATION_LEVEL = 0;
				GCC_PREPROCESSOR_DEFINITIONS = (
					"DEBUG=1",
					"$(inherited)",
				);
				GCC_SYMBOLS_PRIVATE_EXTERN = NO;
				GCC_WARN_64_TO_32_BIT_CONVERSION = YES;
				GCC_WARN_ABOUT_RETURN_TYPE = YES_ERROR;
				GCC_WARN_UNDECLARED_SELECTOR = YES;
				GCC_WARN_UNINITIALIZED_AUTOS = YES_AGGRESSIVE;
				GCC_WARN_UNUSED_FUNCTION = YES;
				GCC_WARN_UNUSED_VARIABLE = YES;
				IPHONEOS_DEPLOYMENT_TARGET = 7.1;
				ONLY_ACTIVE_ARCH = YES;
				SDKROOT = iphoneos;
			};
			name = Debug;
		};
		55554E001973C4AA0019A0E5 /* Release */ = {
			isa = XCBuildConfiguration;
			buildSettings = {
				ALWAYS_SEARCH_USER_PATHS = NO;
				CLANG_CXX_LANGUAGE_STANDARD = "gnu++0x";
				CLANG_CXX_LIBRARY = "libc++";
				CLANG_ENABLE_MODULES = YES;
				CLANG_ENABLE_OBJC_ARC = YES;
				CLANG_WARN_BOOL_CONVERSION = YES;
				CLANG_WARN_CONSTANT_CONVERSION = YES;
				CLANG_WARN_DIRECT_OBJC_ISA_USAGE = YES_ERROR;
				CLANG_WARN_EMPTY_BODY = YES;
				CLANG_WARN_ENUM_CONVERSION = YES;
				CLANG_WARN_INT_CONVERSION = YES;
				CLANG_WARN_OBJC_ROOT_CLASS = YES_ERROR;
				CLANG_WARN__DUPLICATE_METHOD_MATCH = YES;
				"CODE_SIGN_IDENTITY[sdk=iphoneos*]" = "iPhone Developer";
				COPY_PHASE_STRIP = YES;
				ENABLE_NS_ASSERTIONS = NO;
				GCC_C_LANGUAGE_STANDARD = gnu99;
				GCC_WARN_64_TO_32_BIT_CONVERSION = YES;
				GCC_WARN_ABOUT_RETURN_TYPE = YES_ERROR;
				GCC_WARN_UNDECLARED_SELECTOR = YES;
				GCC_WARN_UNINITIALIZED_AUTOS = YES_AGGRESSIVE;
				GCC_WARN_UNUSED_FUNCTION = YES;
				GCC_WARN_UNUSED_VARIABLE = YES;
				IPHONEOS_DEPLOYMENT_TARGET = 7.1;
				SDKROOT = iphoneos;
				VALIDATE_PRODUCT = YES;
			};
			name = Release;
		};
		55554E021973C4AA0019A0E5 /* Debug */ = {
			isa = XCBuildConfiguration;
			buildSettings = {
				ASSETCATALOG_COMPILER_APPICON_NAME = AppIcon;
				ASSETCATALOG_COMPILER_LAUNCHIMAGE_NAME = LaunchImage;
				GCC_PRECOMPILE_PREFIX_HEADER = YES;
				GCC_PREFIX_HEADER = "Pirate Assignment/Pirate Assignment-Prefix.pch";
				INFOPLIST_FILE = "Pirate Assignment/Pirate Assignment-Info.plist";
				PRODUCT_NAME = "$(TARGET_NAME)";
				WRAPPER_EXTENSION = app;
			};
			name = Debug;
		};
		55554E031973C4AA0019A0E5 /* Release */ = {
			isa = XCBuildConfiguration;
			buildSettings = {
				ASSETCATALOG_COMPILER_APPICON_NAME = AppIcon;
				ASSETCATALOG_COMPILER_LAUNCHIMAGE_NAME = LaunchImage;
				GCC_PRECOMPILE_PREFIX_HEADER = YES;
				GCC_PREFIX_HEADER = "Pirate Assignment/Pirate Assignment-Prefix.pch";
				INFOPLIST_FILE = "Pirate Assignment/Pirate Assignment-Info.plist";
				PRODUCT_NAME = "$(TARGET_NAME)";
				WRAPPER_EXTENSION = app;
			};
			name = Release;
		};
		55554E051973C4AA0019A0E5 /* Debug */ = {
			isa = XCBuildConfiguration;
			buildSettings = {
				BUNDLE_LOADER = "$(BUILT_PRODUCTS_DIR)/Pirate Assignment.app/Pirate Assignment";
				FRAMEWORK_SEARCH_PATHS = (
					"$(SDKROOT)/Developer/Library/Frameworks",
					"$(inherited)",
					"$(DEVELOPER_FRAMEWORKS_DIR)",
				);
				GCC_PRECOMPILE_PREFIX_HEADER = YES;
				GCC_PREFIX_HEADER = "Pirate Assignment/Pirate Assignment-Prefix.pch";
				GCC_PREPROCESSOR_DEFINITIONS = (
					"DEBUG=1",
					"$(inherited)",
				);
				INFOPLIST_FILE = "Pirate AssignmentTests/Pirate AssignmentTests-Info.plist";
				PRODUCT_NAME = "$(TARGET_NAME)";
				TEST_HOST = "$(BUNDLE_LOADER)";
				WRAPPER_EXTENSION = xctest;
			};
			name = Debug;
		};
		55554E061973C4AA0019A0E5 /* Release */ = {
			isa = XCBuildConfiguration;
			buildSettings = {
				BUNDLE_LOADER = "$(BUILT_PRODUCTS_DIR)/Pirate Assignment.app/Pirate Assignment";
				FRAMEWORK_SEARCH_PATHS = (
					"$(SDKROOT)/Developer/Library/Frameworks",
					"$(inherited)",
					"$(DEVELOPER_FRAMEWORKS_DIR)",
				);
				GCC_PRECOMPILE_PREFIX_HEADER = YES;
				GCC_PREFIX_HEADER = "Pirate Assignment/Pirate Assignment-Prefix.pch";
				INFOPLIST_FILE = "Pirate AssignmentTests/Pirate AssignmentTests-Info.plist";
				PRODUCT_NAME = "$(TARGET_NAME)";
				TEST_HOST = "$(BUNDLE_LOADER)";
				WRAPPER_EXTENSION = xctest;
			};
			name = Release;
		};
/* End XCBuildConfiguration section */

/* Begin XCConfigurationList section */
		55554DCA1973C4AA0019A0E5 /* Build configuration list for PBXProject "Pirate Assignment" */ = {
			isa = XCConfigurationList;
			buildConfigurations = (
				55554DFF1973C4AA0019A0E5 /* Debug */,
				55554E001973C4AA0019A0E5 /* Release */,
			);
			defaultConfigurationIsVisible = 0;
			defaultConfigurationName = Release;
		};
		55554E011973C4AA0019A0E5 /* Build configuration list for PBXNativeTarget "Pirate Assignment" */ = {
			isa = XCConfigurationList;
			buildConfigurations = (
				55554E021973C4AA0019A0E5 /* Debug */,
				55554E031973C4AA0019A0E5 /* Release */,
			);
			defaultConfigurationIsVisible = 0;
		};
		55554E041973C4AA0019A0E5 /* Build configuration list for PBXNativeTarget "Pirate AssignmentTests" */ = {
			isa = XCConfigurationList;
			buildConfigurations = (
				55554E051973C4AA0019A0E5 /* Debug */,
				55554E061973C4AA0019A0E5 /* Release */,
			);
			defaultConfigurationIsVisible = 0;
		};
/* End XCConfigurationList section */
	};
	rootObject = 55554DC71973C4AA0019A0E5 /* Project object */;
}
